
Microsoft Visual Studio Solution File, Format Version 12.00
# Visual Studio 15
VisualStudioVersion = 15.0.27004.2009
MinimumVisualStudioVersion = 10.0.40219.1
Project("{FAE04EC0-301F-11D3-BF4B-00C04F79EFBC}") = "CD6_wi16b141_Vrtis", "CD6_wi16b141_Vrtis\CD6_wi16b141_Vrtis.csproj", "{4DE83B27-84B6-4452-9176-960C0182AED9}"
EndProject
Global
	GlobalSection(SolutionConfigurationPlatforms) = preSolution
		Debug|Any CPU = Debug|Any CPU
		Release|Any CPU = Release|Any CPU
	EndGlobalSection
	GlobalSection(ProjectConfigurationPlatforms) = postSolution
		{4DE83B27-84B6-4452-9176-960C0182AED9}.Debug|Any CPU.ActiveCfg = Debug|Any CPU
		{4DE83B27-84B6-4452-9176-960C0182AED9}.Debug|Any CPU.Build.0 = Debug|Any CPU
		{4DE83B27-84B6-4452-9176-960C0182AED9}.Release|Any CPU.ActiveCfg = Release|Any CPU
		{4DE83B27-84B6-4452-9176-960C0182AED9}.Release|Any CPU.Build.0 = Release|Any CPU
	EndGlobalSection
	GlobalSection(SolutionProperties) = preSolution
		HideSolutionNode = FALSE
	EndGlobalSection
	GlobalSection(ExtensibilityGlobals) = postSolution
		SolutionGuid = {B5A0D220-5BAD-4A52-B418-F94E07598840}
		VisualSVNWorkingCopyRoot = ..\CD5_wi16b141_Vrtis\CD5_wi16b141_Vrtis\ViewModel
	EndGlobalSection
EndGlobal
